
Microsoft Visual Studio Solution File, Format Version 12.00
# Visual Studio 15
VisualStudioVersion = 15.0.28307.136
MinimumVisualStudioVersion = 10.0.40219.1
Project("{9A19103F-16F7-4668-BE54-9A1E7A4F7556}") = "SplitWise", "SplitWise\SplitWise.csproj", "{7E7ACB31-BD19-4890-95D8-84D976F3F1BB}"
EndProject
Global
	GlobalSection(SolutionConfigurationPlatforms) = preSolution
		Debug|Any CPU = Debug|Any CPU
		Release|Any CPU = Release|Any CPU
	EndGlobalSection
	GlobalSection(ProjectConfigurationPlatforms) = postSolution
		{7E7ACB31-BD19-4890-95D8-84D976F3F1BB}.Debug|Any CPU.ActiveCfg = Debug|Any CPU
		{7E7ACB31-BD19-4890-95D8-84D976F3F1BB}.Debug|Any CPU.Build.0 = Debug|Any CPU
		{7E7ACB31-BD19-4890-95D8-84D976F3F1BB}.Release|Any CPU.ActiveCfg = Release|Any CPU
		{7E7ACB31-BD19-4890-95D8-84D976F3F1BB}.Release|Any CPU.Build.0 = Release|Any CPU
	EndGlobalSection
	GlobalSection(SolutionProperties) = preSolution
		HideSolutionNode = FALSE
	EndGlobalSection
	GlobalSection(ExtensibilityGlobals) = postSolution
		SolutionGuid = {C74922D5-8BA4-4DE3-AC4A-5821FB9CFEE6}
	EndGlobalSection
EndGlobal
